{
  "requires": true,
  "lockfileVersion": 1,
  "dependencies": {
    "@babel/code-frame": {
      "version": "7.0.0-rc.4",
      "resolved": "https://registry.npmjs.org/@babel/code-frame/-/code-frame-7.0.0-rc.4.tgz",
      "integrity": "sha512-Uh3Rhu4J1gsvZFPEKP1+F530GKWz0t92gDYPZ7Y7Q0dgohLt9WdREEYiu2JzlzlBDtJVPVnTYz/oWVUMxntuMA==",
      "dev": true,
      "requires": {
        "@babel/highlight": "^7.0.0-rc.4"
      }
    },
    "@babel/generator": {
      "version": "7.0.0-rc.4",
      "resolved": "https://registry.npmjs.org/@babel/generator/-/generator-7.0.0-rc.4.tgz",
      "integrity": "sha512-xyfV9AVUVaacmJ2nuA+HzwxIE9fK9DKH7dVTKdf9IcXGwCVnaicbvqPXyJinJWIp3d9txHJaPU+jUosjRPtihg==",
      "dev": true,
      "requires": {
        "@babel/types": "^7.0.0-rc.4",
        "jsesc": "^2.5.1",
        "lodash": "^4.17.10",
        "source-map": "^0.5.0",
        "trim-right": "^1.0.1"
      }
    },
    "@babel/helper-annotate-as-pure": {
      "version": "7.0.0-rc.4",
      "resolved": "https://registry.npmjs.org/@babel/helper-annotate-as-pure/-/helper-annotate-as-pure-7.0.0-rc.4.tgz",
      "integrity": "sha512-rmQ+AeWSzEwb+7Z6Opj8CQw5wx8xYHY32Y8sk6kRFEuCawD0k0LpOGGco08eAVfnp2pRmJ48nkfmKwTXGdHmeQ==",
      "dev": true,
      "requires": {
        "@babel/types": "^7.0.0-rc.4"
      }
    },
    "@babel/helper-builder-binary-assignment-operator-visitor": {
      "version": "7.0.0-rc.4",
      "resolved": "https://registry.npmjs.org/@babel/helper-builder-binary-assignment-operator-visitor/-/helper-builder-binary-assignment-operator-visitor-7.0.0-rc.4.tgz",
      "integrity": "sha512-sx/jBJTEair2IN2qaXW8MWNIkp+5OeanRoldD562rkAv00+RfzO9IjGqQugrvre25Jgo4AECqTmtyDc4iBgs8g==",
      "dev": true,
      "requires": {
        "@babel/helper-explode-assignable-expression": "^7.0.0-rc.4",
        "@babel/types": "^7.0.0-rc.4"
      }
    },
    "@babel/helper-call-delegate": {
      "version": "7.0.0-rc.4",
      "resolved": "https://registry.npmjs.org/@babel/helper-call-delegate/-/helper-call-delegate-7.0.0-rc.4.tgz",
      "integrity": "sha512-JWcb5xG3ZVpv8Aw/18H4bGhdiCB1Cp0WdoX+ifOzhTIPqiZX844Op2zJbF95SSzA7/ZlYeuK0vXuDqADtebSUQ==",
      "dev": true,
      "requires": {
        "@babel/helper-hoist-variables": "^7.0.0-rc.4",
        "@babel/traverse": "^7.0.0-rc.4",
        "@babel/types": "^7.0.0-rc.4"
      }
    },
    "@babel/helper-define-map": {
      "version": "7.0.0-rc.4",
      "resolved": "https://registry.npmjs.org/@babel/helper-define-map/-/helper-define-map-7.0.0-rc.4.tgz",
      "integrity": "sha512-j6VhgGZdzQLzu5sGWcIAcYPs4c0YBj6KZSmczIfOMMopoAf8981ZbChR0b59N3dprIJk98OILIFx8ZlPk56o3w==",
      "dev": true,
      "requires": {
        "@babel/helper-function-name": "^7.0.0-rc.4",
        "@babel/types": "^7.0.0-rc.4",
        "lodash": "^4.17.10"
      }
    },
    "@babel/helper-explode-assignable-expression": {
      "version": "7.0.0-rc.4",
      "resolved": "https://registry.npmjs.org/@babel/helper-explode-assignable-expression/-/helper-explode-assignable-expression-7.0.0-rc.4.tgz",
      "integrity": "sha512-aZhgWoI2cVlu3fTbNIDzdB7X72EnR4J2HJPb4Zqyxmy7M2D2zTSJ3HErL9qkgnFvBLLKTqaA+/bWI3ij9SmvKQ==",
      "dev": true,
      "requires": {
        "@babel/traverse": "^7.0.0-rc.4",
        "@babel/types": "^7.0.0-rc.4"
      }
    },
    "@babel/helper-function-name": {
      "version": "7.0.0-rc.4",
      "resolved": "https://registry.npmjs.org/@babel/helper-function-name/-/helper-function-name-7.0.0-rc.4.tgz",
      "integrity": "sha512-dQiFVY7u5V8AXKtkCKCF7lm3/s/idcAAxYRT+yKBnml8Ud8hVOvqt9IUsfFPg9Lz8Qa2Tb+3d0hx21o3K5px9A==",
      "dev": true,
      "requires": {
        "@babel/helper-get-function-arity": "^7.0.0-rc.4",
        "@babel/template": "^7.0.0-rc.4",
        "@babel/types": "^7.0.0-rc.4"
      }
    },
    "@babel/helper-get-function-arity": {
      "version": "7.0.0-rc.4",
      "resolved": "https://registry.npmjs.org/@babel/helper-get-function-arity/-/helper-get-function-arity-7.0.0-rc.4.tgz",
      "integrity": "sha512-9kSPmVIVxXIkSaIG92finQxEvWwzjQFc9MWWVRLJdB/jA39HvBW3dwqu3IK8trzdy0Ul9E8sOVxbKMh/v44q9Q==",
      "dev": true,
      "requires": {
        "@babel/types": "^7.0.0-rc.4"
      }
    },
    "@babel/helper-hoist-variables": {
      "version": "7.0.0-rc.4",
      "resolved": "https://registry.npmjs.org/@babel/helper-hoist-variables/-/helper-hoist-variables-7.0.0-rc.4.tgz",
      "integrity": "sha512-toULly90gQhxStnDXaHW5lICLw5t5983amiGNJxv0btPBxsmqFMpSdTUUdfAJQWJrvv3Ktj9GsbP1fVT9wdRaQ==",
      "dev": true,
      "requires": {
        "@babel/types": "^7.0.0-rc.4"
      }
    },
    "@babel/helper-member-expression-to-functions": {
      "version": "7.0.0-rc.4",
      "resolved": "https://registry.npmjs.org/@babel/helper-member-expression-to-functions/-/helper-member-expression-to-functions-7.0.0-rc.4.tgz",
      "integrity": "sha512-pY/hEwLFj3SfkTBgtg8kIHMgSGNcd9v3+yp+vZf3tK+pBDah95+B9l5NeWbGOAIny9lXeCjNDG+QxAajk7xdyw==",
      "dev": true,
      "requires": {
        "@babel/types": "^7.0.0-rc.4"
      }
    },
    "@babel/helper-module-imports": {
      "version": "7.0.0-rc.4",
      "resolved": "https://registry.npmjs.org/@babel/helper-module-imports/-/helper-module-imports-7.0.0-rc.4.tgz",
      "integrity": "sha512-MeEqAEdJJOwME/KLrXiYkCk6AOCBJJMl47/zgKqjuz/M2fYM6eveXD/50xLCMYWdXFT7U0WKTj9JNUhDg3nm1Q==",
      "dev": true,
      "requires": {
        "@babel/types": "^7.0.0-rc.4"
      }
    },
    "@babel/helper-module-transforms": {
      "version": "7.0.0-rc.4",
      "resolved": "https://registry.npmjs.org/@babel/helper-module-transforms/-/helper-module-transforms-7.0.0-rc.4.tgz",
      "integrity": "sha512-aal+20iI7soCg0mWZt2D3vZR1h25Pn+dtVghP56z75swqaejyKfDozQuiqBCaW3tME9LnEHvjrhZVGDo30VtVw==",
      "dev": true,
      "requires": {
        "@babel/helper-module-imports": "^7.0.0-rc.4",
        "@babel/helper-simple-access": "^7.0.0-rc.4",
        "@babel/helper-split-export-declaration": "^7.0.0-rc.4",
        "@babel/template": "^7.0.0-rc.4",
        "@babel/types": "^7.0.0-rc.4",
        "lodash": "^4.17.10"
      }
    },
    "@babel/helper-optimise-call-expression": {
      "version": "7.0.0-rc.4",
      "resolved": "https://registry.npmjs.org/@babel/helper-optimise-call-expression/-/helper-optimise-call-expression-7.0.0-rc.4.tgz",
      "integrity": "sha512-6h2ZdrQ4szqpiyxii1LqRXl6Ygw1iKZfTdD4fGBau4DtpNrDA6EsJG1KZ69gLZkHk5O4LXnkYNkZjEpmskH10Q==",
      "dev": true,
      "requires": {
        "@babel/types": "^7.0.0-rc.4"
      }
    },
    "@babel/helper-plugin-utils": {
      "version": "7.0.0-rc.4",
      "resolved": "https://registry.npmjs.org/@babel/helper-plugin-utils/-/helper-plugin-utils-7.0.0-rc.4.tgz",
      "integrity": "sha512-vqhny/KiWG+zPrRA3XZP/atYqaB0GvtpzZiPairxv1ZAWUaDwVKuFxAbRTDHWsN139Wbtwuc8IuniKYl161t9Q==",
      "dev": true
    },
    "@babel/helper-regex": {
      "version": "7.0.0-rc.4",
      "resolved": "https://registry.npmjs.org/@babel/helper-regex/-/helper-regex-7.0.0-rc.4.tgz",
      "integrity": "sha512-o+7YvPp5SgEeOcfqZPIZt1i6mPTAapN4DsU0u0eKCci7BeA/gKyqPVCNVEf3WEzeU46LugzsBD2+8JifFwzmRA==",
      "dev": true,
      "requires": {
        "lodash": "^4.17.10"
      }
    },
    "@babel/helper-remap-async-to-generator": {
      "version": "7.0.0-rc.4",
      "resolved": "https://registry.npmjs.org/@babel/helper-remap-async-to-generator/-/helper-remap-async-to-generator-7.0.0-rc.4.tgz",
      "integrity": "sha512-371p8TYaoLpJJ4ml6oGQijdHGK/QL5XBKjOkEJ+UNfnVz1egCYKn3UMuKS1c7yYVvASzB3KyYwiKyxBTW5Nt4g==",
      "dev": true,
      "requires": {
        "@babel/helper-annotate-as-pure": "^7.0.0-rc.4",
        "@babel/helper-wrap-function": "^7.0.0-rc.4",
        "@babel/template": "^7.0.0-rc.4",
        "@babel/traverse": "^7.0.0-rc.4",
        "@babel/types": "^7.0.0-rc.4"
      }
    },
    "@babel/helper-replace-supers": {
      "version": "7.0.0-rc.4",
      "resolved": "https://registry.npmjs.org/@babel/helper-replace-supers/-/helper-replace-supers-7.0.0-rc.4.tgz",
      "integrity": "sha512-3hu1sL79T0oqgaq9OMi5z2vScj0s6xWWwqIcIk/W+bZZdaCUsIeLwjvGZOwWFkyLGGmnH5XnnfEw10VDInYUJw==",
      "dev": true,
      "requires": {
        "@babel/helper-member-expression-to-functions": "^7.0.0-rc.4",
        "@babel/helper-optimise-call-expression": "^7.0.0-rc.4",
        "@babel/traverse": "^7.0.0-rc.4",
        "@babel/types": "^7.0.0-rc.4"
      }
    },
    "@babel/helper-simple-access": {
      "version": "7.0.0-rc.4",
      "resolved": "https://registry.npmjs.org/@babel/helper-simple-access/-/helper-simple-access-7.0.0-rc.4.tgz",
      "integrity": "sha512-T0E5N8m7qeAbCagpfsfwCq61JcAfMmBJhdEkdZNNishU8idDdLcUySO6z/g/+bo0SwUk6UDfGytrKfQCLxP34g==",
      "dev": true,
      "requires": {
        "@babel/template": "^7.0.0-rc.4",
        "@babel/types": "^7.0.0-rc.4"
      }
    },
    "@babel/helper-split-export-declaration": {
      "version": "7.0.0-rc.4",
      "resolved": "https://registry.npmjs.org/@babel/helper-split-export-declaration/-/helper-split-export-declaration-7.0.0-rc.4.tgz",
      "integrity": "sha512-DpssVf7OAJFfiOb2FUVzY1ZkLI2n2aqxb8cF1EzyiVRpTQIb3pz6wK+x6By73Odi0HPrIw5dafx69EJ7ffy+kA==",
      "dev": true,
      "requires": {
        "@babel/types": "^7.0.0-rc.4"
      }
    },
    "@babel/helper-wrap-function": {
      "version": "7.0.0-rc.4",
      "resolved": "https://registry.npmjs.org/@babel/helper-wrap-function/-/helper-wrap-function-7.0.0-rc.4.tgz",
      "integrity": "sha512-E/XW4q/+WKU2+2tt9pNzB55qDBTXi39vdYKvDU8RBSzGswW5Qs+ZF/0kLhwAm9jrTclTFzCqF8YxiZsI5zY4sA==",
      "dev": true,
      "requires": {
        "@babel/helper-function-name": "^7.0.0-rc.4",
        "@babel/template": "^7.0.0-rc.4",
        "@babel/traverse": "^7.0.0-rc.4",
        "@babel/types": "^7.0.0-rc.4"
      }
    },
    "@babel/highlight": {
      "version": "7.0.0-rc.4",
      "resolved": "https://registry.npmjs.org/@babel/highlight/-/highlight-7.0.0-rc.4.tgz",
      "integrity": "sha512-1we8sOCgd0wVxBfDH6ejc1QCI8U4ZPxxy4HOzDFABPNJmpE5gRFH+v3/clEAVvcJQ28F9VJG27RC54lQRI8OSw==",
      "dev": true,
      "requires": {
        "chalk": "^2.0.0",
        "esutils": "^2.0.2",
        "js-tokens": "^4.0.0"
      }
    },
    "@babel/parser": {
      "version": "7.0.0-rc.4",
      "resolved": "https://registry.npmjs.org/@babel/parser/-/parser-7.0.0-rc.4.tgz",
      "integrity": "sha512-X4BqD6IwlJleaAV2iDBe4pTOVhhJ/neQqHH8gFQXiAIeTSmwGMdXAUky2Hhdc/2Wpss0zW6CXtxQ5C6NBJmxxg==",
      "dev": true
    },
    "@babel/plugin-proposal-async-generator-functions": {
      "version": "7.0.0-rc.4",
      "resolved": "https://registry.npmjs.org/@babel/plugin-proposal-async-generator-functions/-/plugin-proposal-async-generator-functions-7.0.0-rc.4.tgz",
      "integrity": "sha512-92gAjTk5lf8ZBkkq2whNI9auCAfbVncLNtKvhh4dGUnCRsn2y+7J9JFdFtlQEnRQJZ/AXgFkO0kA5pQtJJiZFA==",
      "dev": true,
      "requires": {
        "@babel/helper-plugin-utils": "^7.0.0-rc.4",
        "@babel/helper-remap-async-to-generator": "^7.0.0-rc.4",
        "@babel/plugin-syntax-async-generators": "^7.0.0-rc.4"
      }
    },
    "@babel/plugin-proposal-json-strings": {
      "version": "7.0.0-rc.4",
      "resolved": "https://registry.npmjs.org/@babel/plugin-proposal-json-strings/-/plugin-proposal-json-strings-7.0.0-rc.4.tgz",
      "integrity": "sha512-0S7qSMRyLb3QDvaPGmV42fbcYM1Z5kHcgN1ZJWDBep/qem/okAncEgc9cvHYJxFB2Rf/5dCjPp6zL2ePRG1bjw==",
      "dev": true,
      "requires": {
        "@babel/helper-plugin-utils": "^7.0.0-rc.4",
        "@babel/plugin-syntax-json-strings": "^7.0.0-rc.4"
      }
    },
    "@babel/plugin-proposal-object-rest-spread": {
      "version": "7.0.0-rc.4",
      "resolved": "https://registry.npmjs.org/@babel/plugin-proposal-object-rest-spread/-/plugin-proposal-object-rest-spread-7.0.0-rc.4.tgz",
      "integrity": "sha512-EG+0S5Yd7XUNYgMFgtXwyI1ddskia2s46Kh6yTfRALnYdbkyLTd708fd5JprCQUqM4lY7FCbtL9ai2uK5DHY9Q==",
      "dev": true,
      "requires": {
        "@babel/helper-plugin-utils": "^7.0.0-rc.4",
        "@babel/plugin-syntax-object-rest-spread": "^7.0.0-rc.4"
      }
    },
    "@babel/plugin-proposal-optional-catch-binding": {
      "version": "7.0.0-rc.4",
      "resolved": "https://registry.npmjs.org/@babel/plugin-proposal-optional-catch-binding/-/plugin-proposal-optional-catch-binding-7.0.0-rc.4.tgz",
      "integrity": "sha512-VYKMeQYcpF0EZaHnoRlSlI98R6c/m9NJuKah9Tm/bCJ/M2utwO2arkr7NFXlpfsB+vTbeNFnliKCZlrsXIvAEw==",
      "dev": true,
      "requires": {
        "@babel/helper-plugin-utils": "^7.0.0-rc.4",
        "@babel/plugin-syntax-optional-catch-binding": "^7.0.0-rc.4"
      }
    },
    "@babel/plugin-proposal-unicode-property-regex": {
      "version": "7.0.0-rc.4",
      "resolved": "https://registry.npmjs.org/@babel/plugin-proposal-unicode-property-regex/-/plugin-proposal-unicode-property-regex-7.0.0-rc.4.tgz",
      "integrity": "sha512-NVDxI7jf0JG072U/o6+jWHE+gLJB5e0VKFNIXn397fUG+sTmjKCXNShjoiXCKt/ZmJecUeA2yq8VTPtER63VRA==",
      "dev": true,
      "requires": {
        "@babel/helper-plugin-utils": "^7.0.0-rc.4",
        "@babel/helper-regex": "^7.0.0-rc.4",
        "regexpu-core": "^4.2.0"
      }
    },
    "@babel/plugin-syntax-async-generators": {
      "version": "7.0.0-rc.4",
      "resolved": "https://registry.npmjs.org/@babel/plugin-syntax-async-generators/-/plugin-syntax-async-generators-7.0.0-rc.4.tgz",
      "integrity": "sha512-B+4ocLKGZ8+PTlRADv7efyNJZManuk/3RvH3XJMIREuK4ZrgfMvYWbNrHLYqQmWFAq+EUUZG/QLzr29gDm2BCQ==",
      "dev": true,
      "requires": {
        "@babel/helper-plugin-utils": "^7.0.0-rc.4"
      }
    },
    "@babel/plugin-syntax-json-strings": {
      "version": "7.0.0-rc.4",
      "resolved": "https://registry.npmjs.org/@babel/plugin-syntax-json-strings/-/plugin-syntax-json-strings-7.0.0-rc.4.tgz",
      "integrity": "sha512-BLSjM4a/0cBGncZZt1hk0Wu2FTzEz/XGVdswjjlijqIm0ve07xn4J+b+2nHZdBpIYz2E39QvD48rQ6KWfVHiSQ==",
      "dev": true,
      "requires": {
        "@babel/helper-plugin-utils": "^7.0.0-rc.4"
      }
    },
    "@babel/plugin-syntax-object-rest-spread": {
      "version": "7.0.0-rc.4",
      "resolved": "https://registry.npmjs.org/@babel/plugin-syntax-object-rest-spread/-/plugin-syntax-object-rest-spread-7.0.0-rc.4.tgz",
      "integrity": "sha512-Oa0QrYXrf5ZWWckgM0psTWnrQiCxcieNPyyspSvbBaUqRPbPDnoJwPb2WVfm3pGIyxDsEtAg6WcXCUuS2Vge4w==",
      "dev": true,
      "requires": {
        "@babel/helper-plugin-utils": "^7.0.0-rc.4"
      }
    },
    "@babel/plugin-syntax-optional-catch-binding": {
      "version": "7.0.0-rc.4",
      "resolved": "https://registry.npmjs.org/@babel/plugin-syntax-optional-catch-binding/-/plugin-syntax-optional-catch-binding-7.0.0-rc.4.tgz",
      "integrity": "sha512-+XP7AFrxuZ/LzCXXyWYmarSBavNnC01KJue6Sfk9hn7KGW3zynGLAFvZThCM2wPR+hMakZlQlu5lkbNopOlTDg==",
      "dev": true,
      "requires": {
        "@babel/helper-plugin-utils": "^7.0.0-rc.4"
      }
    },
    "@babel/plugin-transform-arrow-functions": {
      "version": "7.0.0-rc.4",
      "resolved": "https://registry.npmjs.org/@babel/plugin-transform-arrow-functions/-/plugin-transform-arrow-functions-7.0.0-rc.4.tgz",
      "integrity": "sha512-5ekltzPIYDkrba11eqShE0cUCxmepd3C/pqqdVL9Qns74MPmF+2BQ3Xcks4MWqfuN88+QpgjgagJbzftcyVU0Q==",
      "dev": true,
      "requires": {
        "@babel/helper-plugin-utils": "^7.0.0-rc.4"
      }
    },
    "@babel/plugin-transform-async-to-generator": {
      "version": "7.0.0-rc.4",
      "resolved": "https://registry.npmjs.org/@babel/plugin-transform-async-to-generator/-/plugin-transform-async-to-generator-7.0.0-rc.4.tgz",
      "integrity": "sha512-AivcvSWzUQd/iWAgO1S+GB5zJeiDDgT0zPL1sjuSTmthQsWQg6HTneKF6d9IEAJ9m3WPVlmKHcASPHSfO0wU2A==",
      "dev": true,
      "requires": {
        "@babel/helper-module-imports": "^7.0.0-rc.4",
        "@babel/helper-plugin-utils": "^7.0.0-rc.4",
        "@babel/helper-remap-async-to-generator": "^7.0.0-rc.4"
      }
    },
    "@babel/plugin-transform-block-scoped-functions": {
      "version": "7.0.0-rc.4",
      "resolved": "https://registry.npmjs.org/@babel/plugin-transform-block-scoped-functions/-/plugin-transform-block-scoped-functions-7.0.0-rc.4.tgz",
      "integrity": "sha512-MgVKqPzw3qaLGSixXCKVBYo9IodK9wFZ+nUqP+r/D25L5xFB0dhLQJERDMpSEOIzygJHgejyopANit2dyDu8qA==",
      "dev": true,
      "requires": {
        "@babel/helper-plugin-utils": "^7.0.0-rc.4"
      }
    },
    "@babel/plugin-transform-block-scoping": {
      "version": "7.0.0-rc.4",
      "resolved": "https://registry.npmjs.org/@babel/plugin-transform-block-scoping/-/plugin-transform-block-scoping-7.0.0-rc.4.tgz",
      "integrity": "sha512-z8cwb0fRKWLVZTlzffUmdh2N4XztbEMkcixxsdJ86AeBjVeDDB5mwuYutSNvVig+FcDmbkrCNFijlppvrC+MgQ==",
      "dev": true,
      "requires": {
        "@babel/helper-plugin-utils": "^7.0.0-rc.4",
        "lodash": "^4.17.10"
      }
    },
    "@babel/plugin-transform-classes": {
      "version": "7.0.0-rc.4",
      "resolved": "https://registry.npmjs.org/@babel/plugin-transform-classes/-/plugin-transform-classes-7.0.0-rc.4.tgz",
      "integrity": "sha512-cVTWum5Vhqk6cq4BQU1FDAOCJkhOqORu2FySUJCpFQcYRSwgMEXKgccuWZ7+V8UtYQ1Nk1eLdwC7aktlRY68QA==",
      "dev": true,
      "requires": {
        "@babel/helper-annotate-as-pure": "^7.0.0-rc.4",
        "@babel/helper-define-map": "^7.0.0-rc.4",
        "@babel/helper-function-name": "^7.0.0-rc.4",
        "@babel/helper-optimise-call-expression": "^7.0.0-rc.4",
        "@babel/helper-plugin-utils": "^7.0.0-rc.4",
        "@babel/helper-replace-supers": "^7.0.0-rc.4",
        "@babel/helper-split-export-declaration": "^7.0.0-rc.4",
        "globals": "^11.1.0"
      }
    },
    "@babel/plugin-transform-computed-properties": {
      "version": "7.0.0-rc.4",
      "resolved": "https://registry.npmjs.org/@babel/plugin-transform-computed-properties/-/plugin-transform-computed-properties-7.0.0-rc.4.tgz",
      "integrity": "sha512-ibwApQrQDEpRgFpHaEBD0b5xBsy1VR54J/wGWJ6PKqDpw1/eZwKKigUqiy/9plRmNHNNvOwQwpZhvi5kBqsoBQ==",
      "dev": true,
      "requires": {
        "@babel/helper-plugin-utils": "^7.0.0-rc.4"
      }
    },
    "@babel/plugin-transform-destructuring": {
      "version": "7.0.0-rc.4",
      "resolved": "https://registry.npmjs.org/@babel/plugin-transform-destructuring/-/plugin-transform-destructuring-7.0.0-rc.4.tgz",
      "integrity": "sha512-bwW43/kTD3TRiFldN2a8nUHxbfNdKyGEXtZajXmNugUEUu02Fpv4G1H7sSbL10QU9bywHXXDHd5dTQtJparO3Q==",
      "dev": true,
      "requires": {
        "@babel/helper-plugin-utils": "^7.0.0-rc.4"
      }
    },
    "@babel/plugin-transform-dotall-regex": {
      "version": "7.0.0-rc.4",
      "resolved": "https://registry.npmjs.org/@babel/plugin-transform-dotall-regex/-/plugin-transform-dotall-regex-7.0.0-rc.4.tgz",
      "integrity": "sha512-k/rzTZFxKHjfzDeQ8Vzqw66S21o4f04ZGkcG8meCb7/0De2he7tRNS90WmibLWzJytZvycO4prY0DYX65pGPhA==",
      "dev": true,
      "requires": {
        "@babel/helper-plugin-utils": "^7.0.0-rc.4",
        "@babel/helper-regex": "^7.0.0-rc.4",
        "regexpu-core": "^4.1.3"
      }
    },
    "@babel/plugin-transform-duplicate-keys": {
      "version": "7.0.0-rc.4",
      "resolved": "https://registry.npmjs.org/@babel/plugin-transform-duplicate-keys/-/plugin-transform-duplicate-keys-7.0.0-rc.4.tgz",
      "integrity": "sha512-6ut6DPDIbAYZ1OZUzLzharnu0LB+ISJVeaj98o0JO/SkX74MZfGefIQJDv3LusHX1WbnwQJOyBENzx4cxpfcoA==",
      "dev": true,
      "requires": {
        "@babel/helper-plugin-utils": "^7.0.0-rc.4"
      }
    },
    "@babel/plugin-transform-exponentiation-operator": {
      "version": "7.0.0-rc.4",
      "resolved": "https://registry.npmjs.org/@babel/plugin-transform-exponentiation-operator/-/plugin-transform-exponentiation-operator-7.0.0-rc.4.tgz",
      "integrity": "sha512-cF0UJqqnQ/em09Xu27CbP/Eqh7xvxECoRpMJOaECrzHHH8GmKx2aV6WO8ixctOI4wJ37Cp86esvxpOCXYy789Q==",
      "dev": true,
      "requires": {
        "@babel/helper-builder-binary-assignment-operator-visitor": "^7.0.0-rc.4",
        "@babel/helper-plugin-utils": "^7.0.0-rc.4"
      }
    },
    "@babel/plugin-transform-for-of": {
      "version": "7.0.0-rc.4",
      "resolved": "https://registry.npmjs.org/@babel/plugin-transform-for-of/-/plugin-transform-for-of-7.0.0-rc.4.tgz",
      "integrity": "sha512-8KNUC8vcavZc+1j9L3JQcdsbMuD1/eTX5UF+7C7nCCntTx4v+epwfsk4dHGkZ0+qK35JotYX+oCXaRVeWqN84A==",
      "dev": true,
      "requires": {
        "@babel/helper-plugin-utils": "^7.0.0-rc.4"
      }
    },
    "@babel/plugin-transform-function-name": {
      "version": "7.0.0-rc.4",
      "resolved": "https://registry.npmjs.org/@babel/plugin-transform-function-name/-/plugin-transform-function-name-7.0.0-rc.4.tgz",
      "integrity": "sha512-VpSwUSBcv4KLKpsXMX8SczJRcBegWYbSKui1nq+7qcqz4KhDsHtwOw1tjYcpmV8em8RqHW3pqlDbsNtJU+eTrg==",
      "dev": true,
      "requires": {
        "@babel/helper-function-name": "^7.0.0-rc.4",
        "@babel/helper-plugin-utils": "^7.0.0-rc.4"
      }
    },
    "@babel/plugin-transform-literals": {
      "version": "7.0.0-rc.4",
      "resolved": "https://registry.npmjs.org/@babel/plugin-transform-literals/-/plugin-transform-literals-7.0.0-rc.4.tgz",
      "integrity": "sha512-umyI+/phV28VAiIICKsVSoY+HR1QwOxBlnJ9BRhNkF53OSPWDcBFv+yS9PhRWdjOyn8S3YcPAVKvhEdhR2pavA==",
      "dev": true,
      "requires": {
        "@babel/helper-plugin-utils": "^7.0.0-rc.4"
      }
    },
    "@babel/plugin-transform-modules-amd": {
      "version": "7.0.0-rc.4",
      "resolved": "https://registry.npmjs.org/@babel/plugin-transform-modules-amd/-/plugin-transform-modules-amd-7.0.0-rc.4.tgz",
      "integrity": "sha512-fWgv1fQ0+Q2N+FgfXHOc23zA1KhXef2s6gvOHWFmMoVqQeyVA0ACmRFT6y6zWkGAbfKSCHON8p02C7a0vZfYQw==",
      "dev": true,
      "requires": {
        "@babel/helper-module-transforms": "^7.0.0-rc.4",
        "@babel/helper-plugin-utils": "^7.0.0-rc.4"
      }
    },
    "@babel/plugin-transform-modules-commonjs": {
      "version": "7.0.0-rc.4",
      "resolved": "https://registry.npmjs.org/@babel/plugin-transform-modules-commonjs/-/plugin-transform-modules-commonjs-7.0.0-rc.4.tgz",
      "integrity": "sha512-GloWcjeqeLVlzxAhSl98dkv0dUdpmbla8ljOCo/c5Tytw/lDX2qnh29SK/0ZpQA9+7heJd/hnq0eebaoX4Gk5w==",
      "dev": true,
      "requires": {
        "@babel/helper-module-transforms": "^7.0.0-rc.4",
        "@babel/helper-plugin-utils": "^7.0.0-rc.4",
        "@babel/helper-simple-access": "^7.0.0-rc.4"
      }
    },
    "@babel/plugin-transform-modules-systemjs": {
      "version": "7.0.0-rc.4",
      "resolved": "https://registry.npmjs.org/@babel/plugin-transform-modules-systemjs/-/plugin-transform-modules-systemjs-7.0.0-rc.4.tgz",
      "integrity": "sha512-VQ8PMRNbD5cFLc4HWKjlP/UhW57S99oLarMoyHC6NYxzdNMylBQ4u4lgtG/eMRDutAlNVs2YSmKZCCA29TPIgg==",
      "dev": true,
      "requires": {
        "@babel/helper-hoist-variables": "^7.0.0-rc.4",
        "@babel/helper-plugin-utils": "^7.0.0-rc.4"
      }
    },
    "@babel/plugin-transform-modules-umd": {
      "version": "7.0.0-rc.4",
      "resolved": "https://registry.npmjs.org/@babel/plugin-transform-modules-umd/-/plugin-transform-modules-umd-7.0.0-rc.4.tgz",
      "integrity": "sha512-FdLFuweOUDWrSh58uv+wCBgtHyNQUQncR0Shxova+G0vdmXcZBJKVmaWX+iEVEEPnEoAWasvJMhDpVkYD0CnDg==",
      "dev": true,
      "requires": {
        "@babel/helper-module-transforms": "^7.0.0-rc.4",
        "@babel/helper-plugin-utils": "^7.0.0-rc.4"
      }
    },
    "@babel/plugin-transform-new-target": {
      "version": "7.0.0-rc.4",
      "resolved": "https://registry.npmjs.org/@babel/plugin-transform-new-target/-/plugin-transform-new-target-7.0.0-rc.4.tgz",
      "integrity": "sha512-zQYV/AYm2vr85coIBUz3rq7Mj7rsSaiRO27YYTp/t41MLdB6W3ILWBf8f7Bm7jJQF+Uw3CLr5XzEGVQY0QxtFQ==",
      "dev": true,
      "requires": {
        "@babel/helper-plugin-utils": "^7.0.0-rc.4"
      }
    },
    "@babel/plugin-transform-object-super": {
      "version": "7.0.0-rc.4",
      "resolved": "https://registry.npmjs.org/@babel/plugin-transform-object-super/-/plugin-transform-object-super-7.0.0-rc.4.tgz",
      "integrity": "sha512-AK6VYy7jSbsU614wNs6P3lunCPcjrWKYicQO+1o6bIq+GbCOpLNfDl9E3mmEeayf9pIJbRjzcUyWh8bkwuRrHQ==",
      "dev": true,
      "requires": {
        "@babel/helper-plugin-utils": "^7.0.0-rc.4",
        "@babel/helper-replace-supers": "^7.0.0-rc.4"
      }
    },
    "@babel/plugin-transform-parameters": {
      "version": "7.0.0-rc.4",
      "resolved": "https://registry.npmjs.org/@babel/plugin-transform-parameters/-/plugin-transform-parameters-7.0.0-rc.4.tgz",
      "integrity": "sha512-oDFIz6DoWD0MSc4ubBstAdtXVX3w2EswI/j/CunowlxwUrKyzpX6hhk7aGupuAEEiSjdA1G+QIx9ww2HNZou+A==",
      "dev": true,
      "requires": {
        "@babel/helper-call-delegate": "^7.0.0-rc.4",
        "@babel/helper-get-function-arity": "^7.0.0-rc.4",
        "@babel/helper-plugin-utils": "^7.0.0-rc.4"
      }
    },
    "@babel/plugin-transform-regenerator": {
      "version": "7.0.0-rc.4",
      "resolved": "https://registry.npmjs.org/@babel/plugin-transform-regenerator/-/plugin-transform-regenerator-7.0.0-rc.4.tgz",
      "integrity": "sha512-29Ep8XDN5asP6ZaP5VZCFLr0SeyhChV89ED2DAg4JVSRzJI7STywPyi+3ybZG8Ol46BRqGFhXNMJd7E15vPnHg==",
      "dev": true,
      "requires": {
        "regenerator-transform": "^0.13.3"
      }
    },
    "@babel/plugin-transform-shorthand-properties": {
      "version": "7.0.0-rc.4",
      "resolved": "https://registry.npmjs.org/@babel/plugin-transform-shorthand-properties/-/plugin-transform-shorthand-properties-7.0.0-rc.4.tgz",
      "integrity": "sha512-i6B2wGWE3kFegrA6zfWBDkip/txkZO01jpuVSlPTnvob4GUcmd2l0xBnGy1+tRJqYdCNu7aC0F/I5DoAmTX97A==",
      "dev": true,
      "requires": {
        "@babel/helper-plugin-utils": "^7.0.0-rc.4"
      }
    },
    "@babel/plugin-transform-spread": {
      "version": "7.0.0-rc.4",
      "resolved": "https://registry.npmjs.org/@babel/plugin-transform-spread/-/plugin-transform-spread-7.0.0-rc.4.tgz",
      "integrity": "sha512-nFUvUDsUbh+e/pgGGUFlc2lfOLWzBA8Xj1zqKl8WWe4LrRCAEp6ojUMMHtfwwCXyiT+3PArBGGQzNUzQZdlK2w==",
      "dev": true,
      "requires": {
        "@babel/helper-plugin-utils": "^7.0.0-rc.4"
      }
    },
    "@babel/plugin-transform-sticky-regex": {
      "version": "7.0.0-rc.4",
      "resolved": "https://registry.npmjs.org/@babel/plugin-transform-sticky-regex/-/plugin-transform-sticky-regex-7.0.0-rc.4.tgz",
      "integrity": "sha512-SH1hu444pKlhjC5WVs7F4AoA7tIfWS2gJDBP9RiE8ZAo9FYKTLhAdIAksARlxk2q3GXPp1sJqVkCEKm9kTW/Iw==",
      "dev": true,
      "requires": {
        "@babel/helper-plugin-utils": "^7.0.0-rc.4",
        "@babel/helper-regex": "^7.0.0-rc.4"
      }
    },
    "@babel/plugin-transform-template-literals": {
      "version": "7.0.0-rc.4",
      "resolved": "https://registry.npmjs.org/@babel/plugin-transform-template-literals/-/plugin-transform-template-literals-7.0.0-rc.4.tgz",
      "integrity": "sha512-sjQMbil0SXSamHsNe9mQVQkluM7dsVzhEBcfR3f2+noeEgrlAjPWU6Wt7LzWEk6Ge/mbdBlhP1CKe76mXZEkfA==",
      "dev": true,
      "requires": {
        "@babel/helper-annotate-as-pure": "^7.0.0-rc.4",
        "@babel/helper-plugin-utils": "^7.0.0-rc.4"
      }
    },
    "@babel/plugin-transform-typeof-symbol": {
      "version": "7.0.0-rc.4",
      "resolved": "https://registry.npmjs.org/@babel/plugin-transform-typeof-symbol/-/plugin-transform-typeof-symbol-7.0.0-rc.4.tgz",
      "integrity": "sha512-N5cSfQGBobyUtxyTTtaONT7yHgXeygzy5Ni9/ZzIAovSG/hf10mIgQpAhUk7nT4XThIY9qT4ALAGDfgak0x+6w==",
      "dev": true,
      "requires": {
        "@babel/helper-plugin-utils": "^7.0.0-rc.4"
      }
    },
    "@babel/plugin-transform-unicode-regex": {
      "version": "7.0.0-rc.4",
      "resolved": "https://registry.npmjs.org/@babel/plugin-transform-unicode-regex/-/plugin-transform-unicode-regex-7.0.0-rc.4.tgz",
      "integrity": "sha512-/FtU88uF0L0bpDfM4mhxymNc+rbH7rTBlYazxtpCSHrKQUxEoYXthdJE8BMeiQIb9fV33sSjMXOPKp7EPUiBSw==",
      "dev": true,
      "requires": {
        "@babel/helper-plugin-utils": "^7.0.0-rc.4",
        "@babel/helper-regex": "^7.0.0-rc.4",
        "regexpu-core": "^4.1.3"
      }
    },
    "@babel/preset-env": {
      "version": "7.0.0-rc.4",
      "resolved": "https://registry.npmjs.org/@babel/preset-env/-/preset-env-7.0.0-rc.4.tgz",
      "integrity": "sha512-33E+heIi40k1k0eji/D6l4aZTwWoEFaD+Ep5wHYve84X9pZ1V7YR6dy0IL0G07afQMQ3LVKu8PMapa1qKqzBMw==",
      "dev": true,
      "requires": {
        "@babel/helper-module-imports": "^7.0.0-rc.4",
        "@babel/helper-plugin-utils": "^7.0.0-rc.4",
        "@babel/plugin-proposal-async-generator-functions": "^7.0.0-rc.4",
        "@babel/plugin-proposal-json-strings": "^7.0.0-rc.4",
        "@babel/plugin-proposal-object-rest-spread": "^7.0.0-rc.4",
        "@babel/plugin-proposal-optional-catch-binding": "^7.0.0-rc.4",
        "@babel/plugin-proposal-unicode-property-regex": "^7.0.0-rc.4",
        "@babel/plugin-syntax-async-generators": "^7.0.0-rc.4",
        "@babel/plugin-syntax-object-rest-spread": "^7.0.0-rc.4",
        "@babel/plugin-syntax-optional-catch-binding": "^7.0.0-rc.4",
        "@babel/plugin-transform-arrow-functions": "^7.0.0-rc.4",
        "@babel/plugin-transform-async-to-generator": "^7.0.0-rc.4",
        "@babel/plugin-transform-block-scoped-functions": "^7.0.0-rc.4",
        "@babel/plugin-transform-block-scoping": "^7.0.0-rc.4",
        "@babel/plugin-transform-classes": "^7.0.0-rc.4",
        "@babel/plugin-transform-computed-properties": "^7.0.0-rc.4",
        "@babel/plugin-transform-destructuring": "^7.0.0-rc.4",
        "@babel/plugin-transform-dotall-regex": "^7.0.0-rc.4",
        "@babel/plugin-transform-duplicate-keys": "^7.0.0-rc.4",
        "@babel/plugin-transform-exponentiation-operator": "^7.0.0-rc.4",
        "@babel/plugin-transform-for-of": "^7.0.0-rc.4",
        "@babel/plugin-transform-function-name": "^7.0.0-rc.4",
        "@babel/plugin-transform-literals": "^7.0.0-rc.4",
        "@babel/plugin-transform-modules-amd": "^7.0.0-rc.4",
        "@babel/plugin-transform-modules-commonjs": "^7.0.0-rc.4",
        "@babel/plugin-transform-modules-systemjs": "^7.0.0-rc.4",
        "@babel/plugin-transform-modules-umd": "^7.0.0-rc.4",
        "@babel/plugin-transform-new-target": "^7.0.0-rc.4",
        "@babel/plugin-transform-object-super": "^7.0.0-rc.4",
        "@babel/plugin-transform-parameters": "^7.0.0-rc.4",
        "@babel/plugin-transform-regenerator": "^7.0.0-rc.4",
        "@babel/plugin-transform-shorthand-properties": "^7.0.0-rc.4",
        "@babel/plugin-transform-spread": "^7.0.0-rc.4",
        "@babel/plugin-transform-sticky-regex": "^7.0.0-rc.4",
        "@babel/plugin-transform-template-literals": "^7.0.0-rc.4",
        "@babel/plugin-transform-typeof-symbol": "^7.0.0-rc.4",
        "@babel/plugin-transform-unicode-regex": "^7.0.0-rc.4",
        "browserslist": "^4.1.0",
        "invariant": "^2.2.2",
        "js-levenshtein": "^1.1.3",
        "semver": "^5.3.0"
      }
    },
    "@babel/template": {
      "version": "7.0.0-rc.4",
      "resolved": "https://registry.npmjs.org/@babel/template/-/template-7.0.0-rc.4.tgz",
      "integrity": "sha512-zI5LcbmvFwGYT8/5t75sj7OpzYizm7PkJlpAujDl50NE1mFxArfq13maUEmjRmjfgl7jeUlbv0YyuyRkDot54w==",
      "dev": true,
      "requires": {
        "@babel/code-frame": "^7.0.0-rc.4",
        "@babel/parser": "^7.0.0-rc.4",
        "@babel/types": "^7.0.0-rc.4"
      }
    },
    "@babel/traverse": {
      "version": "7.0.0-rc.4",
      "resolved": "https://registry.npmjs.org/@babel/traverse/-/traverse-7.0.0-rc.4.tgz",
      "integrity": "sha512-H+DAcCI5enDlidjGZfLx8sjwTwxz4zjU0YU3jcnmbA2RyKAhKsc6Iuhr7n1nvUZhmO+cE2/uBSkFYW2hbBntKA==",
      "dev": true,
      "requires": {
        "@babel/code-frame": "^7.0.0-rc.4",
        "@babel/generator": "^7.0.0-rc.4",
        "@babel/helper-function-name": "^7.0.0-rc.4",
        "@babel/helper-split-export-declaration": "^7.0.0-rc.4",
        "@babel/parser": "^7.0.0-rc.4",
        "@babel/types": "^7.0.0-rc.4",
        "debug": "^3.1.0",
        "globals": "^11.1.0",
        "lodash": "^4.17.10"
      }
    },
    "@babel/types": {
      "version": "7.0.0-rc.4",
      "resolved": "https://registry.npmjs.org/@babel/types/-/types-7.0.0-rc.4.tgz",
      "integrity": "sha512-9BOpIf/b3C1r9r4wuEFcjnSntYi+ta+iA5aqRO795xM3Qyl6H9GqgvH88jaWJZ9yqY0e75u6z0ZBbAkudvIjHw==",
      "dev": true,
      "requires": {
        "esutils": "^2.0.2",
        "lodash": "^4.17.10",
        "to-fast-properties": "^2.0.0"
      }
    },
    "ansi-styles": {
      "version": "3.2.1",
      "resolved": "https://registry.npmjs.org/ansi-styles/-/ansi-styles-3.2.1.tgz",
      "integrity": "sha512-VT0ZI6kZRdTh8YyJw3SMbYm/u+NqfsAxEpWO0Pf9sq8/e94WxxOpPKx9FR1FlyCtOVDNOQ+8ntlqFxiRc+r5qA==",
      "dev": true,
      "requires": {
        "color-convert": "^1.9.0"
      }
    },
    "browserslist": {
      "version": "4.1.0",
      "resolved": "https://registry.npmjs.org/browserslist/-/browserslist-4.1.0.tgz",
      "integrity": "sha512-kQBKB8hnq1SRfSpwHDpM1JNHAyk9fydW8hIDvndR2ijTFKIlBPEvkJkCt8JznOugdm12/YCaRgyq/sqDGz9PwA==",
      "dev": true,
      "requires": {
        "caniuse-lite": "^1.0.30000878",
        "electron-to-chromium": "^1.3.61",
        "node-releases": "^1.0.0-alpha.11"
      }
    },
    "caniuse-lite": {
      "version": "1.0.30000878",
      "resolved": "https://registry.npmjs.org/caniuse-lite/-/caniuse-lite-1.0.30000878.tgz",
      "integrity": "sha512-/dCGTdLCnjVJno1mFRn7Y6eit3AYaeFzSrMQHCoK0LEQaWl5snuLex1Ky4b8/Qu2ig5NgTX4cJx65hH9546puA==",
      "dev": true
    },
    "chalk": {
      "version": "2.4.1",
      "resolved": "https://registry.npmjs.org/chalk/-/chalk-2.4.1.tgz",
      "integrity": "sha512-ObN6h1v2fTJSmUXoS3nMQ92LbDK9be4TV+6G+omQlGJFdcUX5heKi1LZ1YnRMIgwTLEj3E24bT6tYni50rlCfQ==",
      "dev": true,
      "requires": {
        "ansi-styles": "^3.2.1",
        "escape-string-regexp": "^1.0.5",
        "supports-color": "^5.3.0"
      }
    },
    "color-convert": {
      "version": "1.9.2",
      "resolved": "https://registry.npmjs.org/color-convert/-/color-convert-1.9.2.tgz",
      "integrity": "sha512-3NUJZdhMhcdPn8vJ9v2UQJoH0qqoGUkYTgFEPZaPjEtwmmKUfNV46zZmgB2M5M4DCEQHMaCfWHCxiBflLm04Tg==",
      "dev": true,
      "requires": {
        "color-name": "1.1.1"
      }
    },
    "color-name": {
      "version": "1.1.1",
      "resolved": "https://registry.npmjs.org/color-name/-/color-name-1.1.1.tgz",
      "integrity": "sha1-SxQVMEz1ACjqgWQ2Q72C6gWANok=",
      "dev": true
    },
    "debug": {
      "version": "3.1.0",
      "resolved": "https://registry.npmjs.org/debug/-/debug-3.1.0.tgz",
      "integrity": "sha512-OX8XqP7/1a9cqkxYw2yXss15f26NKWBpDXQd0/uK/KPqdQhxbPa994hnzjcE2VqQpDslf55723cKPUOGSmMY3g==",
      "dev": true,
      "requires": {
        "ms": "2.0.0"
      }
    },
    "electron-to-chromium": {
      "version": "1.3.61",
      "resolved": "https://registry.npmjs.org/electron-to-chromium/-/electron-to-chromium-1.3.61.tgz",
      "integrity": "sha512-XjTdsm6x71Y48lF9EEvGciwXD70b20g0t+3YbrE+0fPFutqV08DSNrZXkoXAp3QuzX7TpL/OW+/VsNoR9GkuNg==",
      "dev": true
    },
    "escape-string-regexp": {
      "version": "1.0.5",
      "resolved": "https://registry.npmjs.org/escape-string-regexp/-/escape-string-regexp-1.0.5.tgz",
      "integrity": "sha1-G2HAViGQqN/2rjuyzwIAyhMLhtQ=",
      "dev": true
    },
    "esutils": {
      "version": "2.0.2",
      "resolved": "https://registry.npmjs.org/esutils/-/esutils-2.0.2.tgz",
      "integrity": "sha1-Cr9PHKpbyx96nYrMbepPqqBLrJs=",
      "dev": true
    },
    "globals": {
      "version": "11.7.0",
      "resolved": "https://registry.npmjs.org/globals/-/globals-11.7.0.tgz",
      "integrity": "sha512-K8BNSPySfeShBQXsahYB/AbbWruVOTyVpgoIDnl8odPpeSfP2J5QO2oLFFdl2j7GfDCtZj2bMKar2T49itTPCg==",
      "dev": true
    },
    "has-flag": {
      "version": "3.0.0",
      "resolved": "https://registry.npmjs.org/has-flag/-/has-flag-3.0.0.tgz",
      "integrity": "sha1-tdRU3CGZriJWmfNGfloH87lVuv0=",
      "dev": true
    },
    "invariant": {
      "version": "2.2.4",
      "resolved": "https://registry.npmjs.org/invariant/-/invariant-2.2.4.tgz",
      "integrity": "sha512-phJfQVBuaJM5raOpJjSfkiD6BpbCE4Ns//LaXl6wGYtUBY83nWS6Rf9tXm2e8VaK60JEjYldbPif/A2B1C2gNA==",
      "dev": true,
      "requires": {
        "loose-envify": "^1.0.0"
      }
    },
    "js-levenshtein": {
      "version": "1.1.3",
      "resolved": "https://registry.npmjs.org/js-levenshtein/-/js-levenshtein-1.1.3.tgz",
      "integrity": "sha512-/812MXr9RBtMObviZ8gQBhHO8MOrGj8HlEE+4ccMTElNA/6I3u39u+bhny55Lk921yn44nSZFy9naNLElL5wgQ==",
      "dev": true
    },
    "js-tokens": {
      "version": "4.0.0",
      "resolved": "https://registry.npmjs.org/js-tokens/-/js-tokens-4.0.0.tgz",
      "integrity": "sha512-RdJUflcE3cUzKiMqQgsCu06FPu9UdIJO0beYbPhHN4k6apgJtifcoCtT9bcxOpYBtpD2kCM6Sbzg4CausW/PKQ==",
      "dev": true
    },
    "jsesc": {
      "version": "2.5.1",
      "resolved": "https://registry.npmjs.org/jsesc/-/jsesc-2.5.1.tgz",
      "integrity": "sha1-5CGiqOINawgZ3yiQj3glJrlt0f4=",
      "dev": true
    },
    "lodash": {
      "version": "4.17.10",
      "resolved": "https://registry.npmjs.org/lodash/-/lodash-4.17.10.tgz",
      "integrity": "sha512-UejweD1pDoXu+AD825lWwp4ZGtSwgnpZxb3JDViD7StjQz+Nb/6l093lx4OQ0foGWNRoc19mWy7BzL+UAK2iVg==",
      "dev": true
    },
    "loose-envify": {
      "version": "1.4.0",
      "resolved": "https://registry.npmjs.org/loose-envify/-/loose-envify-1.4.0.tgz",
      "integrity": "sha512-lyuxPGr/Wfhrlem2CL/UcnUc1zcqKAImBDzukY7Y5F/yQiNdko6+fRLevlw1HgMySw7f611UIY408EtxRSoK3Q==",
      "dev": true,
      "requires": {
        "js-tokens": "^3.0.0 || ^4.0.0"
      }
    },
    "ms": {
      "version": "2.0.0",
      "resolved": "https://registry.npmjs.org/ms/-/ms-2.0.0.tgz",
      "integrity": "sha1-VgiurfwAvmwpAd9fmGF4jeDVl8g=",
      "dev": true
    },
    "node-releases": {
      "version": "1.0.0-alpha.11",
      "resolved": "https://registry.npmjs.org/node-releases/-/node-releases-1.0.0-alpha.11.tgz",
      "integrity": "sha512-CaViu+2FqTNYOYNihXa5uPS/zry92I3vPU4nCB6JB3OeZ2UGtOpF5gRwuN4+m3hbEcL47bOXyun1jX2iC+3uEQ==",
      "dev": true,
      "requires": {
        "semver": "^5.3.0"
      }
    },
    "private": {
      "version": "0.1.8",
      "resolved": "https://registry.npmjs.org/private/-/private-0.1.8.tgz",
      "integrity": "sha512-VvivMrbvd2nKkiG38qjULzlc+4Vx4wm/whI9pQD35YrARNnhxeiRktSOhSukRLFNlzg6Br/cJPet5J/u19r/mg==",
      "dev": true
    },
    "regenerate": {
      "version": "1.4.0",
      "resolved": "https://registry.npmjs.org/regenerate/-/regenerate-1.4.0.tgz",
      "integrity": "sha512-1G6jJVDWrt0rK99kBjvEtziZNCICAuvIPkSiUFIQxVP06RCVpq3dmDo2oi6ABpYaDYaTRr67BEhL8r1wgEZZKg==",
      "dev": true
    },
    "regenerate-unicode-properties": {
      "version": "7.0.0",
      "resolved": "https://registry.npmjs.org/regenerate-unicode-properties/-/regenerate-unicode-properties-7.0.0.tgz",
      "integrity": "sha512-s5NGghCE4itSlUS+0WUj88G6cfMVMmH8boTPNvABf8od+2dhT9WDlWu8n01raQAJZMOK8Ch6jSexaRO7swd6aw==",
      "dev": true,
      "requires": {
        "regenerate": "^1.4.0"
      }
    },
    "regenerator-transform": {
      "version": "0.13.3",
      "resolved": "https://registry.npmjs.org/regenerator-transform/-/regenerator-transform-0.13.3.tgz",
      "integrity": "sha512-5ipTrZFSq5vU2YoGoww4uaRVAK4wyYC4TSICibbfEPOruUu8FFP7ErV0BjmbIOEpn3O/k9na9UEdYR/3m7N6uA==",
      "dev": true,
      "requires": {
        "private": "^0.1.6"
      }
    },
    "regexpu-core": {
      "version": "4.2.0",
      "resolved": "https://registry.npmjs.org/regexpu-core/-/regexpu-core-4.2.0.tgz",
      "integrity": "sha512-Z835VSnJJ46CNBttalHD/dB+Sj2ezmY6Xp38npwU87peK6mqOzOpV8eYktdkLTEkzzD+JsTcxd84ozd8I14+rw==",
      "dev": true,
      "requires": {
        "regenerate": "^1.4.0",
        "regenerate-unicode-properties": "^7.0.0",
        "regjsgen": "^0.4.0",
        "regjsparser": "^0.3.0",
        "unicode-match-property-ecmascript": "^1.0.4",
        "unicode-match-property-value-ecmascript": "^1.0.2"
      }
    },
    "regjsgen": {
      "version": "0.4.0",
      "resolved": "https://registry.npmjs.org/regjsgen/-/regjsgen-0.4.0.tgz",
      "integrity": "sha512-X51Lte1gCYUdlwhF28+2YMO0U6WeN0GLpgpA7LK7mbdDnkQYiwvEpmpe0F/cv5L14EbxgrdayAG3JETBv0dbXA==",
      "dev": true
    },
    "regjsparser": {
      "version": "0.3.0",
      "resolved": "https://registry.npmjs.org/regjsparser/-/regjsparser-0.3.0.tgz",
      "integrity": "sha512-zza72oZBBHzt64G7DxdqrOo/30bhHkwMUoT0WqfGu98XLd7N+1tsy5MJ96Bk4MD0y74n629RhmrGW6XlnLLwCA==",
      "dev": true,
      "requires": {
        "jsesc": "~0.5.0"
      },
      "dependencies": {
        "jsesc": {
          "version": "0.5.0",
          "resolved": "https://registry.npmjs.org/jsesc/-/jsesc-0.5.0.tgz",
          "integrity": "sha1-597mbjXW/Bb3EP6R1c9p9w8IkR0=",
          "dev": true
        }
      }
    },
    "semver": {
      "version": "5.5.1",
      "resolved": "https://registry.npmjs.org/semver/-/semver-5.5.1.tgz",
      "integrity": "sha512-PqpAxfrEhlSUWge8dwIp4tZnQ25DIOthpiaHNIthsjEFQD6EvqUKUDM7L8O2rShkFccYo1VjJR0coWfNkCubRw==",
      "dev": true
    },
    "source-map": {
      "version": "0.5.7",
      "resolved": "https://registry.npmjs.org/source-map/-/source-map-0.5.7.tgz",
      "integrity": "sha1-igOdLRAh0i0eoUyA2OpGi6LvP8w=",
      "dev": true
    },
    "supports-color": {
      "version": "5.5.0",
      "resolved": "https://registry.npmjs.org/supports-color/-/supports-color-5.5.0.tgz",
      "integrity": "sha512-QjVjwdXIt408MIiAqCX4oUKsgU2EqAGzs2Ppkm4aQYbjm+ZEWEcW4SfFNTr4uMNZma0ey4f5lgLrkB0aX0QMow==",
      "dev": true,
      "requires": {
        "has-flag": "^3.0.0"
      }
    },
    "to-fast-properties": {
      "version": "2.0.0",
      "resolved": "https://registry.npmjs.org/to-fast-properties/-/to-fast-properties-2.0.0.tgz",
      "integrity": "sha1-3F5pjL0HkmW8c+A3doGk5Og/YW4=",
      "dev": true
    },
    "trim-right": {
      "version": "1.0.1",
      "resolved": "https://registry.npmjs.org/trim-right/-/trim-right-1.0.1.tgz",
      "integrity": "sha1-yy4SAwZ+DI3h9hQJS5/kVwTqYAM=",
      "dev": true
    },
    "unicode-canonical-property-names-ecmascript": {
      "version": "1.0.4",
      "resolved": "https://registry.npmjs.org/unicode-canonical-property-names-ecmascript/-/unicode-canonical-property-names-ecmascript-1.0.4.tgz",
      "integrity": "sha512-jDrNnXWHd4oHiTZnx/ZG7gtUTVp+gCcTTKr8L0HjlwphROEW3+Him+IpvC+xcJEFegapiMZyZe02CyuOnRmbnQ==",
      "dev": true
    },
    "unicode-match-property-ecmascript": {
      "version": "1.0.4",
      "resolved": "https://registry.npmjs.org/unicode-match-property-ecmascript/-/unicode-match-property-ecmascript-1.0.4.tgz",
      "integrity": "sha512-L4Qoh15vTfntsn4P1zqnHulG0LdXgjSO035fEpdtp6YxXhMT51Q6vgM5lYdG/5X3MjS+k/Y9Xw4SFCY9IkR0rg==",
      "dev": true,
      "requires": {
        "unicode-canonical-property-names-ecmascript": "^1.0.4",
        "unicode-property-aliases-ecmascript": "^1.0.4"
      }
    },
    "unicode-match-property-value-ecmascript": {
      "version": "1.0.2",
      "resolved": "https://registry.npmjs.org/unicode-match-property-value-ecmascript/-/unicode-match-property-value-ecmascript-1.0.2.tgz",
      "integrity": "sha512-Rx7yODZC1L/T8XKo/2kNzVAQaRE88AaMvI1EF/Xnj3GW2wzN6fop9DDWuFAKUVFH7vozkz26DzP0qyWLKLIVPQ==",
      "dev": true
    },
    "unicode-property-aliases-ecmascript": {
      "version": "1.0.4",
      "resolved": "https://registry.npmjs.org/unicode-property-aliases-ecmascript/-/unicode-property-aliases-ecmascript-1.0.4.tgz",
      "integrity": "sha512-2WSLa6OdYd2ng8oqiGIWnJqyFArvhn+5vgx5GTxMbUYjCYKUcuKS62YLFF0R/BDGlB1yzXjQOLtPAfHsgirEpg==",
      "dev": true
    }
  }
}
